
Microsoft Visual Studio Solution File, Format Version 12.00
# Visual Studio Version 16
VisualStudioVersion = 16.0.29009.5
MinimumVisualStudioVersion = 10.0.40219.1
Project("{8BC9CEB8-8B4A-11D0-8D11-00A0C91BC942}") = "Generic Static Stack", "Stack\Stack.vcxproj", "{9347A65B-BD53-45C9-B103-E18C5C954DC0}"
EndProject
Project("{8BC9CEB8-8B4A-11D0-8D11-00A0C91BC942}") = "Generic Dynamic Stack", "Generic Dynamic Stack\Generic Dynamic Stack.vcxproj", "{F995DE6B-47F1-435A-9D75-F9705B8E402B}"
EndProject
Project("{8BC9CEB8-8B4A-11D0-8D11-00A0C91BC942}") = "Generic Dynamic List", "Generic Dynamic List\Generic Dynamic List.vcxproj", "{D7B29323-5ED2-4227-AA67-21A3BA851953}"
EndProject
Project("{8BC9CEB8-8B4A-11D0-8D11-00A0C91BC942}") = "Generic Dynamic Priority Queue", "Generic Dynamic Priority Queue\Generic Dynamic Priority Queue.vcxproj", "{1FB84C84-7515-4557-B3D6-61DAE998CD11}"
EndProject
Global
	GlobalSection(SolutionConfigurationPlatforms) = preSolution
		Debug|x64 = Debug|x64
		Debug|x86 = Debug|x86
		Release|x64 = Release|x64
		Release|x86 = Release|x86
	EndGlobalSection
	GlobalSection(ProjectConfigurationPlatforms) = postSolution
		{9347A65B-BD53-45C9-B103-E18C5C954DC0}.Debug|x64.ActiveCfg = Debug|x64
		{9347A65B-BD53-45C9-B103-E18C5C954DC0}.Debug|x64.Build.0 = Debug|x64
		{9347A65B-BD53-45C9-B103-E18C5C954DC0}.Debug|x86.ActiveCfg = Debug|Win32
		{9347A65B-BD53-45C9-B103-E18C5C954DC0}.Debug|x86.Build.0 = Debug|Win32
		{9347A65B-BD53-45C9-B103-E18C5C954DC0}.Release|x64.ActiveCfg = Release|x64
		{9347A65B-BD53-45C9-B103-E18C5C954DC0}.Release|x64.Build.0 = Release|x64
		{9347A65B-BD53-45C9-B103-E18C5C954DC0}.Release|x86.ActiveCfg = Release|Win32
		{9347A65B-BD53-45C9-B103-E18C5C954DC0}.Release|x86.Build.0 = Release|Win32
		{F995DE6B-47F1-435A-9D75-F9705B8E402B}.Debug|x64.ActiveCfg = Debug|x64
		{F995DE6B-47F1-435A-9D75-F9705B8E402B}.Debug|x64.Build.0 = Debug|x64
		{F995DE6B-47F1-435A-9D75-F9705B8E402B}.Debug|x86.ActiveCfg = Debug|Win32
		{F995DE6B-47F1-435A-9D75-F9705B8E402B}.Debug|x86.Build.0 = Debug|Win32
		{F995DE6B-47F1-435A-9D75-F9705B8E402B}.Release|x64.ActiveCfg = Release|x64
		{F995DE6B-47F1-435A-9D75-F9705B8E402B}.Release|x64.Build.0 = Release|x64
		{F995DE6B-47F1-435A-9D75-F9705B8E402B}.Release|x86.ActiveCfg = Release|Win32
		{F995DE6B-47F1-435A-9D75-F9705B8E402B}.Release|x86.Build.0 = Release|Win32
		{D7B29323-5ED2-4227-AA67-21A3BA851953}.Debug|x64.ActiveCfg = Debug|x64
		{D7B29323-5ED2-4227-AA67-21A3BA851953}.Debug|x64.Build.0 = Debug|x64
		{D7B29323-5ED2-4227-AA67-21A3BA851953}.Debug|x86.ActiveCfg = Debug|Win32
		{D7B29323-5ED2-4227-AA67-21A3BA851953}.Debug|x86.Build.0 = Debug|Win32
		{D7B29323-5ED2-4227-AA67-21A3BA851953}.Release|x64.ActiveCfg = Release|x64
		{D7B29323-5ED2-4227-AA67-21A3BA851953}.Release|x64.Build.0 = Release|x64
		{D7B29323-5ED2-4227-AA67-21A3BA851953}.Release|x86.ActiveCfg = Release|Win32
		{D7B29323-5ED2-4227-AA67-21A3BA851953}.Release|x86.Build.0 = Release|Win32
		{1FB84C84-7515-4557-B3D6-61DAE998CD11}.Debug|x64.ActiveCfg = Debug|x64
		{1FB84C84-7515-4557-B3D6-61DAE998CD11}.Debug|x64.Build.0 = Debug|x64
		{1FB84C84-7515-4557-B3D6-61DAE998CD11}.Debug|x86.ActiveCfg = Debug|Win32
		{1FB84C84-7515-4557-B3D6-61DAE998CD11}.Debug|x86.Build.0 = Debug|Win32
		{1FB84C84-7515-4557-B3D6-61DAE998CD11}.Release|x64.ActiveCfg = Release|x64
		{1FB84C84-7515-4557-B3D6-61DAE998CD11}.Release|x64.Build.0 = Release|x64
		{1FB84C84-7515-4557-B3D6-61DAE998CD11}.Release|x86.ActiveCfg = Release|Win32
		{1FB84C84-7515-4557-B3D6-61DAE998CD11}.Release|x86.Build.0 = Release|Win32
	EndGlobalSection
	GlobalSection(SolutionProperties) = preSolution
		HideSolutionNode = FALSE
	EndGlobalSection
	GlobalSection(ExtensibilityGlobals) = postSolution
		SolutionGuid = {FB43F5D7-C500-424D-972E-FB692BAD23F0}
	EndGlobalSection
EndGlobal
